{
  "name": "m-logger",
  "version": "1.0.2",
  "lockfileVersion": 1,
  "dependencies": {
    "left-pad": {
      "version": "1.1.3",
      "resolved": "https://registry.npmjs.org/left-pad/-/left-pad-1.1.3.tgz",
      "integrity": "sha1-YS9hwDPzqeCOk58crr7qQbbzGZo="
    },
    "m-dater": {
      "version": "1.0.0",
      "resolved": "https://registry.npmjs.org/m-dater/-/m-dater-1.0.0.tgz",
      "integrity": "sha512-mn5Pg7ej61m7Flx9iC2c8ck2kYKfHci/G8PFTsyUxhKYPMTJpr6AuUyaE+e12R7mV1mvKSWHo38mHP1WLHyPuA=="
    }
  }
}
